
Microsoft Visual Studio Solution File, Format Version 12.00
# Visual Studio Version 17
VisualStudioVersion = 17.4.33213.308
MinimumVisualStudioVersion = 10.0.40219.1
Project("{FAE04EC0-301F-11D3-BF4B-00C04F79EFBC}") = "WindowsFormsApp3", "WindowsFormsApp3\WindowsFormsApp3.csproj", "{B1F8E4F4-26ED-4ECC-8F4E-7876C3BD76DA}"
EndProject
Global
	GlobalSection(SolutionConfigurationPlatforms) = preSolution
		Debug|Any CPU = Debug|Any CPU
		Release|Any CPU = Release|Any CPU
	EndGlobalSection
	GlobalSection(ProjectConfigurationPlatforms) = postSolution
		{B1F8E4F4-26ED-4ECC-8F4E-7876C3BD76DA}.Debug|Any CPU.ActiveCfg = Debug|Any CPU
		{B1F8E4F4-26ED-4ECC-8F4E-7876C3BD76DA}.Debug|Any CPU.Build.0 = Debug|Any CPU
		{B1F8E4F4-26ED-4ECC-8F4E-7876C3BD76DA}.Release|Any CPU.ActiveCfg = Release|Any CPU
		{B1F8E4F4-26ED-4ECC-8F4E-7876C3BD76DA}.Release|Any CPU.Build.0 = Release|Any CPU
	EndGlobalSection
	GlobalSection(SolutionProperties) = preSolution
		HideSolutionNode = FALSE
	EndGlobalSection
	GlobalSection(ExtensibilityGlobals) = postSolution
		SolutionGuid = {E0BC3D15-7F0B-4710-A17B-9C60CF1FEE94}
	EndGlobalSection
EndGlobal
